
Microsoft Visual Studio Solution File, Format Version 12.00
# Visual Studio Version 16
VisualStudioVersion = 16.0.30611.23
MinimumVisualStudioVersion = 10.0.40219.1
Project("{FAE04EC0-301F-11D3-BF4B-00C04F79EFBC}") = "Inventario", "Inventario\Inventario.csproj", "{E2B0B86E-72A6-4C50-8611-15A632CC7766}"
EndProject
Project("{FAE04EC0-301F-11D3-BF4B-00C04F79EFBC}") = "Datos", "Datos\Datos.csproj", "{8AA3E666-0B00-42C0-81B9-9E00CC2A3813}"
EndProject
Project("{FAE04EC0-301F-11D3-BF4B-00C04F79EFBC}") = "Entidad", "Entidad\Entidad.csproj", "{2E2A55C6-54F2-430B-A59F-F8964D92BA4E}"
EndProject
Project("{FAE04EC0-301F-11D3-BF4B-00C04F79EFBC}") = "Negocio", "Negocio\Negocio.csproj", "{84E3DBE1-C49B-4F68-A4CC-9B787A927CE4}"
EndProject
Global
	GlobalSection(SolutionConfigurationPlatforms) = preSolution
		Debug|Any CPU = Debug|Any CPU
		Release|Any CPU = Release|Any CPU
	EndGlobalSection
	GlobalSection(ProjectConfigurationPlatforms) = postSolution
		{E2B0B86E-72A6-4C50-8611-15A632CC7766}.Debug|Any CPU.ActiveCfg = Debug|Any CPU
		{E2B0B86E-72A6-4C50-8611-15A632CC7766}.Debug|Any CPU.Build.0 = Debug|Any CPU
		{E2B0B86E-72A6-4C50-8611-15A632CC7766}.Release|Any CPU.ActiveCfg = Release|Any CPU
		{E2B0B86E-72A6-4C50-8611-15A632CC7766}.Release|Any CPU.Build.0 = Release|Any CPU
		{8AA3E666-0B00-42C0-81B9-9E00CC2A3813}.Debug|Any CPU.ActiveCfg = Debug|Any CPU
		{8AA3E666-0B00-42C0-81B9-9E00CC2A3813}.Debug|Any CPU.Build.0 = Debug|Any CPU
		{8AA3E666-0B00-42C0-81B9-9E00CC2A3813}.Release|Any CPU.ActiveCfg = Release|Any CPU
		{8AA3E666-0B00-42C0-81B9-9E00CC2A3813}.Release|Any CPU.Build.0 = Release|Any CPU
		{2E2A55C6-54F2-430B-A59F-F8964D92BA4E}.Debug|Any CPU.ActiveCfg = Debug|Any CPU
		{2E2A55C6-54F2-430B-A59F-F8964D92BA4E}.Debug|Any CPU.Build.0 = Debug|Any CPU
		{2E2A55C6-54F2-430B-A59F-F8964D92BA4E}.Release|Any CPU.ActiveCfg = Release|Any CPU
		{2E2A55C6-54F2-430B-A59F-F8964D92BA4E}.Release|Any CPU.Build.0 = Release|Any CPU
		{84E3DBE1-C49B-4F68-A4CC-9B787A927CE4}.Debug|Any CPU.ActiveCfg = Debug|Any CPU
		{84E3DBE1-C49B-4F68-A4CC-9B787A927CE4}.Debug|Any CPU.Build.0 = Debug|Any CPU
		{84E3DBE1-C49B-4F68-A4CC-9B787A927CE4}.Release|Any CPU.ActiveCfg = Release|Any CPU
		{84E3DBE1-C49B-4F68-A4CC-9B787A927CE4}.Release|Any CPU.Build.0 = Release|Any CPU
	EndGlobalSection
	GlobalSection(SolutionProperties) = preSolution
		HideSolutionNode = FALSE
	EndGlobalSection
	GlobalSection(ExtensibilityGlobals) = postSolution
		SolutionGuid = {727D25F2-18D0-4A4D-A61B-BBF504E2E6F0}
	EndGlobalSection
EndGlobal
